
Microsoft Visual Studio Solution File, Format Version 12.00
# Visual Studio Version 17
VisualStudioVersion = 17.5.33530.505
MinimumVisualStudioVersion = 10.0.40219.1
Project("{8BC9CEB8-8B4A-11D0-8D11-00A0C91BC942}") = "RedEdr", "RedEdr\RedEdr.vcxproj", "{D4AB9B77-7A7B-45E8-8BDC-AC958EDB1372}"
EndProject
Project("{8BC9CEB8-8B4A-11D0-8D11-00A0C91BC942}") = "RedEdrTester", "RedEdrTester\RedEdrTester.vcxproj", "{0E6DC31B-3262-49C0-92A2-43651FB44308}"
EndProject
Project("{8BC9CEB8-8B4A-11D0-8D11-00A0C91BC942}") = "RedEdrDll", "RedEdrDll\RedEdrDll.vcxproj", "{1DDD15AA-D837-4143-A272-0E08F9ED6C40}"
EndProject
Project("{8BC9CEB8-8B4A-11D0-8D11-00A0C91BC942}") = "RedEdrDriver", "RedEdrDriver\RedEdrDriver.vcxproj", "{F4BE109F-BB71-4F11-B265-686F0102CFE5}"
EndProject
Project("{8BC9CEB8-8B4A-11D0-8D11-00A0C91BC942}") = "RedEdrPplService", "RedEdrPplService\RedEdrPplService.vcxproj", "{F9D83EE0-D3EB-4C01-8F3C-BB8167D3C752}"
EndProject
Project("{8BC9CEB8-8B4A-11D0-8D11-00A0C91BC942}") = "elam_driver", "elam_driver\elam_driver.vcxproj", "{D246CB84-E7A9-4CCF-A32C-EEB23910D7BD}"
EndProject
Project("{8BC9CEB8-8B4A-11D0-8D11-00A0C91BC942}") = "RedEdrShared", "RedEdrShared\RedEdrShared.vcxproj", "{7F48FA73-B6A6-4725-BF99-835F2C0E2405}"
EndProject
Project("{8BC9CEB8-8B4A-11D0-8D11-00A0C91BC942}") = "UnitTests", "UnitTests\UnitTests.vcxproj", "{03C805F3-51C4-4EF4-BA8A-B7B339C11BA2}"
EndProject
Project("{8BC9CEB8-8B4A-11D0-8D11-00A0C91BC942}") = "ExampleMalware", "ExampleMalware\ExampleMalware.vcxproj", "{05D300A0-DED1-4A50-8E6E-7012BC196900}"
EndProject
Global
	GlobalSection(SolutionConfigurationPlatforms) = preSolution
		Debug|Any CPU = Debug|Any CPU
		Debug|ARM64 = Debug|ARM64
		Debug|x64 = Debug|x64
		Debug|x86 = Debug|x86
		Release|Any CPU = Release|Any CPU
		Release|ARM64 = Release|ARM64
		Release|x64 = Release|x64
		Release|x86 = Release|x86
	EndGlobalSection
	GlobalSection(ProjectConfigurationPlatforms) = postSolution
		{D4AB9B77-7A7B-45E8-8BDC-AC958EDB1372}.Debug|Any CPU.ActiveCfg = Debug|x64
		{D4AB9B77-7A7B-45E8-8BDC-AC958EDB1372}.Debug|Any CPU.Build.0 = Debug|x64
		{D4AB9B77-7A7B-45E8-8BDC-AC958EDB1372}.Debug|ARM64.ActiveCfg = Debug|x64
		{D4AB9B77-7A7B-45E8-8BDC-AC958EDB1372}.Debug|ARM64.Build.0 = Debug|x64
		{D4AB9B77-7A7B-45E8-8BDC-AC958EDB1372}.Debug|x64.ActiveCfg = Debug|x64
		{D4AB9B77-7A7B-45E8-8BDC-AC958EDB1372}.Debug|x64.Build.0 = Debug|x64
		{D4AB9B77-7A7B-45E8-8BDC-AC958EDB1372}.Debug|x86.ActiveCfg = Debug|Win32
		{D4AB9B77-7A7B-45E8-8BDC-AC958EDB1372}.Debug|x86.Build.0 = Debug|Win32
		{D4AB9B77-7A7B-45E8-8BDC-AC958EDB1372}.Release|Any CPU.ActiveCfg = Release|x64
		{D4AB9B77-7A7B-45E8-8BDC-AC958EDB1372}.Release|Any CPU.Build.0 = Release|x64
		{D4AB9B77-7A7B-45E8-8BDC-AC958EDB1372}.Release|ARM64.ActiveCfg = Release|x64
		{D4AB9B77-7A7B-45E8-8BDC-AC958EDB1372}.Release|ARM64.Build.0 = Release|x64
		{D4AB9B77-7A7B-45E8-8BDC-AC958EDB1372}.Release|x64.ActiveCfg = Release|x64
		{D4AB9B77-7A7B-45E8-8BDC-AC958EDB1372}.Release|x64.Build.0 = Release|x64
		{D4AB9B77-7A7B-45E8-8BDC-AC958EDB1372}.Release|x86.ActiveCfg = Release|Win32
		{D4AB9B77-7A7B-45E8-8BDC-AC958EDB1372}.Release|x86.Build.0 = Release|Win32
		{0E6DC31B-3262-49C0-92A2-43651FB44308}.Debug|Any CPU.ActiveCfg = Debug|x64
		{0E6DC31B-3262-49C0-92A2-43651FB44308}.Debug|Any CPU.Build.0 = Debug|x64
		{0E6DC31B-3262-49C0-92A2-43651FB44308}.Debug|ARM64.ActiveCfg = Debug|x64
		{0E6DC31B-3262-49C0-92A2-43651FB44308}.Debug|ARM64.Build.0 = Debug|x64
		{0E6DC31B-3262-49C0-92A2-43651FB44308}.Debug|x64.ActiveCfg = Debug|x64
		{0E6DC31B-3262-49C0-92A2-43651FB44308}.Debug|x64.Build.0 = Debug|x64
		{0E6DC31B-3262-49C0-92A2-43651FB44308}.Debug|x86.ActiveCfg = Debug|Win32
		{0E6DC31B-3262-49C0-92A2-43651FB44308}.Debug|x86.Build.0 = Debug|Win32
		{0E6DC31B-3262-49C0-92A2-43651FB44308}.Release|Any CPU.ActiveCfg = Release|x64
		{0E6DC31B-3262-49C0-92A2-43651FB44308}.Release|Any CPU.Build.0 = Release|x64
		{0E6DC31B-3262-49C0-92A2-43651FB44308}.Release|ARM64.ActiveCfg = Release|x64
		{0E6DC31B-3262-49C0-92A2-43651FB44308}.Release|ARM64.Build.0 = Release|x64
		{0E6DC31B-3262-49C0-92A2-43651FB44308}.Release|x64.ActiveCfg = Release|x64
		{0E6DC31B-3262-49C0-92A2-43651FB44308}.Release|x64.Build.0 = Release|x64
		{0E6DC31B-3262-49C0-92A2-43651FB44308}.Release|x86.ActiveCfg = Release|Win32
		{0E6DC31B-3262-49C0-92A2-43651FB44308}.Release|x86.Build.0 = Release|Win32
		{1DDD15AA-D837-4143-A272-0E08F9ED6C40}.Debug|Any CPU.ActiveCfg = Debug|x64
		{1DDD15AA-D837-4143-A272-0E08F9ED6C40}.Debug|Any CPU.Build.0 = Debug|x64
		{1DDD15AA-D837-4143-A272-0E08F9ED6C40}.Debug|ARM64.ActiveCfg = Debug|x64
		{1DDD15AA-D837-4143-A272-0E08F9ED6C40}.Debug|ARM64.Build.0 = Debug|x64
		{1DDD15AA-D837-4143-A272-0E08F9ED6C40}.Debug|x64.ActiveCfg = Debug|x64
		{1DDD15AA-D837-4143-A272-0E08F9ED6C40}.Debug|x64.Build.0 = Debug|x64
		{1DDD15AA-D837-4143-A272-0E08F9ED6C40}.Debug|x86.ActiveCfg = Debug|Win32
		{1DDD15AA-D837-4143-A272-0E08F9ED6C40}.Debug|x86.Build.0 = Debug|Win32
		{1DDD15AA-D837-4143-A272-0E08F9ED6C40}.Release|Any CPU.ActiveCfg = Release|x64
		{1DDD15AA-D837-4143-A272-0E08F9ED6C40}.Release|Any CPU.Build.0 = Release|x64
		{1DDD15AA-D837-4143-A272-0E08F9ED6C40}.Release|ARM64.ActiveCfg = Release|x64
		{1DDD15AA-D837-4143-A272-0E08F9ED6C40}.Release|ARM64.Build.0 = Release|x64
		{1DDD15AA-D837-4143-A272-0E08F9ED6C40}.Release|x64.ActiveCfg = Release|x64
		{1DDD15AA-D837-4143-A272-0E08F9ED6C40}.Release|x64.Build.0 = Release|x64
		{1DDD15AA-D837-4143-A272-0E08F9ED6C40}.Release|x86.ActiveCfg = Release|Win32
		{1DDD15AA-D837-4143-A272-0E08F9ED6C40}.Release|x86.Build.0 = Release|Win32
		{F4BE109F-BB71-4F11-B265-686F0102CFE5}.Debug|Any CPU.ActiveCfg = Debug|x64
		{F4BE109F-BB71-4F11-B265-686F0102CFE5}.Debug|Any CPU.Build.0 = Debug|x64
		{F4BE109F-BB71-4F11-B265-686F0102CFE5}.Debug|Any CPU.Deploy.0 = Debug|x64
		{F4BE109F-BB71-4F11-B265-686F0102CFE5}.Debug|ARM64.ActiveCfg = Debug|ARM64
		{F4BE109F-BB71-4F11-B265-686F0102CFE5}.Debug|ARM64.Build.0 = Debug|ARM64
		{F4BE109F-BB71-4F11-B265-686F0102CFE5}.Debug|ARM64.Deploy.0 = Debug|ARM64
		{F4BE109F-BB71-4F11-B265-686F0102CFE5}.Debug|x64.ActiveCfg = Debug|x64
		{F4BE109F-BB71-4F11-B265-686F0102CFE5}.Debug|x64.Build.0 = Debug|x64
		{F4BE109F-BB71-4F11-B265-686F0102CFE5}.Debug|x64.Deploy.0 = Debug|x64
		{F4BE109F-BB71-4F11-B265-686F0102CFE5}.Debug|x86.ActiveCfg = Debug|x64
		{F4BE109F-BB71-4F11-B265-686F0102CFE5}.Debug|x86.Build.0 = Debug|x64
		{F4BE109F-BB71-4F11-B265-686F0102CFE5}.Debug|x86.Deploy.0 = Debug|x64
		{F4BE109F-BB71-4F11-B265-686F0102CFE5}.Release|Any CPU.ActiveCfg = Release|x64
		{F4BE109F-BB71-4F11-B265-686F0102CFE5}.Release|Any CPU.Build.0 = Release|x64
		{F4BE109F-BB71-4F11-B265-686F0102CFE5}.Release|Any CPU.Deploy.0 = Release|x64
		{F4BE109F-BB71-4F11-B265-686F0102CFE5}.Release|ARM64.ActiveCfg = Release|ARM64
		{F4BE109F-BB71-4F11-B265-686F0102CFE5}.Release|ARM64.Build.0 = Release|ARM64
		{F4BE109F-BB71-4F11-B265-686F0102CFE5}.Release|ARM64.Deploy.0 = Release|ARM64
		{F4BE109F-BB71-4F11-B265-686F0102CFE5}.Release|x64.ActiveCfg = Release|x64
		{F4BE109F-BB71-4F11-B265-686F0102CFE5}.Release|x64.Build.0 = Release|x64
		{F4BE109F-BB71-4F11-B265-686F0102CFE5}.Release|x64.Deploy.0 = Release|x64
		{F4BE109F-BB71-4F11-B265-686F0102CFE5}.Release|x86.ActiveCfg = Release|x64
		{F4BE109F-BB71-4F11-B265-686F0102CFE5}.Release|x86.Build.0 = Release|x64
		{F4BE109F-BB71-4F11-B265-686F0102CFE5}.Release|x86.Deploy.0 = Release|x64
		{F9D83EE0-D3EB-4C01-8F3C-BB8167D3C752}.Debug|Any CPU.ActiveCfg = Debug|x64
		{F9D83EE0-D3EB-4C01-8F3C-BB8167D3C752}.Debug|Any CPU.Build.0 = Debug|x64
		{F9D83EE0-D3EB-4C01-8F3C-BB8167D3C752}.Debug|ARM64.ActiveCfg = Debug|x64
		{F9D83EE0-D3EB-4C01-8F3C-BB8167D3C752}.Debug|ARM64.Build.0 = Debug|x64
		{F9D83EE0-D3EB-4C01-8F3C-BB8167D3C752}.Debug|x64.ActiveCfg = Debug|x64
		{F9D83EE0-D3EB-4C01-8F3C-BB8167D3C752}.Debug|x64.Build.0 = Debug|x64
		{F9D83EE0-D3EB-4C01-8F3C-BB8167D3C752}.Debug|x86.ActiveCfg = Debug|Win32
		{F9D83EE0-D3EB-4C01-8F3C-BB8167D3C752}.Debug|x86.Build.0 = Debug|Win32
		{F9D83EE0-D3EB-4C01-8F3C-BB8167D3C752}.Release|Any CPU.ActiveCfg = Release|x64
		{F9D83EE0-D3EB-4C01-8F3C-BB8167D3C752}.Release|Any CPU.Build.0 = Release|x64
		{F9D83EE0-D3EB-4C01-8F3C-BB8167D3C752}.Release|ARM64.ActiveCfg = Release|x64
		{F9D83EE0-D3EB-4C01-8F3C-BB8167D3C752}.Release|ARM64.Build.0 = Release|x64
		{F9D83EE0-D3EB-4C01-8F3C-BB8167D3C752}.Release|x64.ActiveCfg = Release|x64
		{F9D83EE0-D3EB-4C01-8F3C-BB8167D3C752}.Release|x64.Build.0 = Release|x64
		{F9D83EE0-D3EB-4C01-8F3C-BB8167D3C752}.Release|x86.ActiveCfg = Release|Win32
		{F9D83EE0-D3EB-4C01-8F3C-BB8167D3C752}.Release|x86.Build.0 = Release|Win32
		{D246CB84-E7A9-4CCF-A32C-EEB23910D7BD}.Debug|Any CPU.ActiveCfg = Debug|x64
		{D246CB84-E7A9-4CCF-A32C-EEB23910D7BD}.Debug|Any CPU.Build.0 = Debug|x64
		{D246CB84-E7A9-4CCF-A32C-EEB23910D7BD}.Debug|Any CPU.Deploy.0 = Debug|x64
		{D246CB84-E7A9-4CCF-A32C-EEB23910D7BD}.Debug|ARM64.ActiveCfg = Debug|x64
		{D246CB84-E7A9-4CCF-A32C-EEB23910D7BD}.Debug|ARM64.Build.0 = Debug|x64
		{D246CB84-E7A9-4CCF-A32C-EEB23910D7BD}.Debug|ARM64.Deploy.0 = Debug|x64
		{D246CB84-E7A9-4CCF-A32C-EEB23910D7BD}.Debug|x64.ActiveCfg = Debug|x64
		{D246CB84-E7A9-4CCF-A32C-EEB23910D7BD}.Debug|x64.Build.0 = Debug|x64
		{D246CB84-E7A9-4CCF-A32C-EEB23910D7BD}.Debug|x64.Deploy.0 = Debug|x64
		{D246CB84-E7A9-4CCF-A32C-EEB23910D7BD}.Debug|x86.ActiveCfg = Debug|x64
		{D246CB84-E7A9-4CCF-A32C-EEB23910D7BD}.Debug|x86.Build.0 = Debug|x64
		{D246CB84-E7A9-4CCF-A32C-EEB23910D7BD}.Debug|x86.Deploy.0 = Debug|x64
		{D246CB84-E7A9-4CCF-A32C-EEB23910D7BD}.Release|Any CPU.ActiveCfg = Release|x64
		{D246CB84-E7A9-4CCF-A32C-EEB23910D7BD}.Release|Any CPU.Build.0 = Release|x64
		{D246CB84-E7A9-4CCF-A32C-EEB23910D7BD}.Release|Any CPU.Deploy.0 = Release|x64
		{D246CB84-E7A9-4CCF-A32C-EEB23910D7BD}.Release|ARM64.ActiveCfg = Release|x64
		{D246CB84-E7A9-4CCF-A32C-EEB23910D7BD}.Release|ARM64.Build.0 = Release|x64
		{D246CB84-E7A9-4CCF-A32C-EEB23910D7BD}.Release|ARM64.Deploy.0 = Release|x64
		{D246CB84-E7A9-4CCF-A32C-EEB23910D7BD}.Release|x64.ActiveCfg = Release|x64
		{D246CB84-E7A9-4CCF-A32C-EEB23910D7BD}.Release|x64.Build.0 = Release|x64
		{D246CB84-E7A9-4CCF-A32C-EEB23910D7BD}.Release|x64.Deploy.0 = Release|x64
		{D246CB84-E7A9-4CCF-A32C-EEB23910D7BD}.Release|x86.ActiveCfg = Release|x64
		{D246CB84-E7A9-4CCF-A32C-EEB23910D7BD}.Release|x86.Build.0 = Release|x64
		{D246CB84-E7A9-4CCF-A32C-EEB23910D7BD}.Release|x86.Deploy.0 = Release|x64
		{7F48FA73-B6A6-4725-BF99-835F2C0E2405}.Debug|Any CPU.ActiveCfg = Debug|x64
		{7F48FA73-B6A6-4725-BF99-835F2C0E2405}.Debug|Any CPU.Build.0 = Debug|x64
		{7F48FA73-B6A6-4725-BF99-835F2C0E2405}.Debug|ARM64.ActiveCfg = Debug|x64
		{7F48FA73-B6A6-4725-BF99-835F2C0E2405}.Debug|ARM64.Build.0 = Debug|x64
		{7F48FA73-B6A6-4725-BF99-835F2C0E2405}.Debug|x64.ActiveCfg = Debug|x64
		{7F48FA73-B6A6-4725-BF99-835F2C0E2405}.Debug|x64.Build.0 = Debug|x64
		{7F48FA73-B6A6-4725-BF99-835F2C0E2405}.Debug|x86.ActiveCfg = Debug|Win32
		{7F48FA73-B6A6-4725-BF99-835F2C0E2405}.Debug|x86.Build.0 = Debug|Win32
		{7F48FA73-B6A6-4725-BF99-835F2C0E2405}.Release|Any CPU.ActiveCfg = Release|x64
		{7F48FA73-B6A6-4725-BF99-835F2C0E2405}.Release|Any CPU.Build.0 = Release|x64
		{7F48FA73-B6A6-4725-BF99-835F2C0E2405}.Release|ARM64.ActiveCfg = Release|x64
		{7F48FA73-B6A6-4725-BF99-835F2C0E2405}.Release|ARM64.Build.0 = Release|x64
		{7F48FA73-B6A6-4725-BF99-835F2C0E2405}.Release|x64.ActiveCfg = Release|x64
		{7F48FA73-B6A6-4725-BF99-835F2C0E2405}.Release|x64.Build.0 = Release|x64
		{7F48FA73-B6A6-4725-BF99-835F2C0E2405}.Release|x86.ActiveCfg = Release|Win32
		{7F48FA73-B6A6-4725-BF99-835F2C0E2405}.Release|x86.Build.0 = Release|Win32
		{03C805F3-51C4-4EF4-BA8A-B7B339C11BA2}.Debug|Any CPU.ActiveCfg = Debug|x64
		{03C805F3-51C4-4EF4-BA8A-B7B339C11BA2}.Debug|Any CPU.Build.0 = Debug|x64
		{03C805F3-51C4-4EF4-BA8A-B7B339C11BA2}.Debug|ARM64.ActiveCfg = Debug|x64
		{03C805F3-51C4-4EF4-BA8A-B7B339C11BA2}.Debug|ARM64.Build.0 = Debug|x64
		{03C805F3-51C4-4EF4-BA8A-B7B339C11BA2}.Debug|x64.ActiveCfg = Debug|x64
		{03C805F3-51C4-4EF4-BA8A-B7B339C11BA2}.Debug|x64.Build.0 = Debug|x64
		{03C805F3-51C4-4EF4-BA8A-B7B339C11BA2}.Debug|x86.ActiveCfg = Debug|Win32
		{03C805F3-51C4-4EF4-BA8A-B7B339C11BA2}.Debug|x86.Build.0 = Debug|Win32
		{03C805F3-51C4-4EF4-BA8A-B7B339C11BA2}.Release|Any CPU.ActiveCfg = Release|x64
		{03C805F3-51C4-4EF4-BA8A-B7B339C11BA2}.Release|Any CPU.Build.0 = Release|x64
		{03C805F3-51C4-4EF4-BA8A-B7B339C11BA2}.Release|ARM64.ActiveCfg = Release|x64
		{03C805F3-51C4-4EF4-BA8A-B7B339C11BA2}.Release|ARM64.Build.0 = Release|x64
		{03C805F3-51C4-4EF4-BA8A-B7B339C11BA2}.Release|x64.ActiveCfg = Release|x64
		{03C805F3-51C4-4EF4-BA8A-B7B339C11BA2}.Release|x64.Build.0 = Release|x64
		{03C805F3-51C4-4EF4-BA8A-B7B339C11BA2}.Release|x86.ActiveCfg = Release|Win32
		{03C805F3-51C4-4EF4-BA8A-B7B339C11BA2}.Release|x86.Build.0 = Release|Win32
		{05D300A0-DED1-4A50-8E6E-7012BC196900}.Debug|Any CPU.ActiveCfg = Debug|x64
		{05D300A0-DED1-4A50-8E6E-7012BC196900}.Debug|Any CPU.Build.0 = Debug|x64
		{05D300A0-DED1-4A50-8E6E-7012BC196900}.Debug|ARM64.ActiveCfg = Debug|x64
		{05D300A0-DED1-4A50-8E6E-7012BC196900}.Debug|ARM64.Build.0 = Debug|x64
		{05D300A0-DED1-4A50-8E6E-7012BC196900}.Debug|x64.ActiveCfg = Debug|x64
		{05D300A0-DED1-4A50-8E6E-7012BC196900}.Debug|x64.Build.0 = Debug|x64
		{05D300A0-DED1-4A50-8E6E-7012BC196900}.Debug|x86.ActiveCfg = Debug|Win32
		{05D300A0-DED1-4A50-8E6E-7012BC196900}.Debug|x86.Build.0 = Debug|Win32
		{05D300A0-DED1-4A50-8E6E-7012BC196900}.Release|Any CPU.ActiveCfg = Release|x64
		{05D300A0-DED1-4A50-8E6E-7012BC196900}.Release|Any CPU.Build.0 = Release|x64
		{05D300A0-DED1-4A50-8E6E-7012BC196900}.Release|ARM64.ActiveCfg = Release|x64
		{05D300A0-DED1-4A50-8E6E-7012BC196900}.Release|ARM64.Build.0 = Release|x64
		{05D300A0-DED1-4A50-8E6E-7012BC196900}.Release|x64.ActiveCfg = Release|x64
		{05D300A0-DED1-4A50-8E6E-7012BC196900}.Release|x64.Build.0 = Release|x64
		{05D300A0-DED1-4A50-8E6E-7012BC196900}.Release|x86.ActiveCfg = Release|Win32
		{05D300A0-DED1-4A50-8E6E-7012BC196900}.Release|x86.Build.0 = Release|Win32
	EndGlobalSection
	GlobalSection(SolutionProperties) = preSolution
		HideSolutionNode = FALSE
	EndGlobalSection
	GlobalSection(ExtensibilityGlobals) = postSolution
		SolutionGuid = {8E0A9A9C-2039-4DBB-B5D0-6E75F199E63A}
	EndGlobalSection
EndGlobal
