<?xml version="1.0" encoding="utf-8"?>
<Project ToolsVersion="4.0" xmlns="http://schemas.microsoft.com/developer/msbuild/2003">
  <ItemGroup>
    <Filter Include="Source Files">
      <UniqueIdentifier>{4FC737F1-C7A5-4376-A066-2A32D752A2FF}</UniqueIdentifier>
      <Extensions>cpp;c;cc;cxx;c++;cppm;ixx;def;odl;idl;hpj;bat;asm;asmx</Extensions>
    </Filter>
    <Filter Include="Header Files">
      <UniqueIdentifier>{93995380-89BD-4b04-88EB-625FBE52EBFB}</UniqueIdentifier>
      <Extensions>h;hh;hpp;hxx;h++;hm;inl;inc;ipp;xsd</Extensions>
    </Filter>
    <Filter Include="Resource Files">
      <UniqueIdentifier>{67DA6AB6-F800-4c08-8B7A-83BB121AAD01}</UniqueIdentifier>
      <Extensions>rc;ico;cur;bmp;dlg;rc2;rct;bin;rgs;gif;jpg;jpeg;jpe;resx;tiff;tif;png;wav;mfcribbon-ms</Extensions>
    </Filter>
    <Filter Include="Source Files\input">
      <UniqueIdentifier>{729c11c2-6cba-4b6a-b0bc-56d18a3f3dfd}</UniqueIdentifier>
    </Filter>
    <Filter Include="Source Files\web">
      <UniqueIdentifier>{81c69665-cc45-4ca7-b535-9be661578dff}</UniqueIdentifier>
    </Filter>
    <Filter Include="Header Files\input">
      <UniqueIdentifier>{71afe3f2-d067-4212-afab-cd324e6885df}</UniqueIdentifier>
    </Filter>
    <Filter Include="Source Files\process">
      <UniqueIdentifier>{e6905749-0e08-4e18-a4f4-4f769d79fd46}</UniqueIdentifier>
    </Filter>
    <Filter Include="Header Files\libs">
      <UniqueIdentifier>{b5b02dc7-53a6-4d22-bfa6-a4102b950d4c}</UniqueIdentifier>
    </Filter>
    <Filter Include="Header Files\process">
      <UniqueIdentifier>{f0d7fa81-5b59-4e94-a796-11bd411a1184}</UniqueIdentifier>
    </Filter>
    <Filter Include="Header Files\windows">
      <UniqueIdentifier>{f74d6ae9-c05b-493d-9ee1-76ea79ba0703}</UniqueIdentifier>
    </Filter>
    <Filter Include="Source Files\windows">
      <UniqueIdentifier>{df7f6388-9e99-46c4-89bf-2a931b922311}</UniqueIdentifier>
    </Filter>
    <Filter Include="Source Files\libs">
      <UniqueIdentifier>{cd33c796-a003-4a9a-a6fc-102aba77837d}</UniqueIdentifier>
    </Filter>
  </ItemGroup>
  <ItemGroup>
    <ClCompile Include="RedEdr.cpp">
      <Filter>Source Files</Filter>
    </ClCompile>
    <ClCompile Include="config.cpp">
      <Filter>Source Files</Filter>
    </ClCompile>
    <ClCompile Include="serviceutils.cpp">
      <Filter>Source Files</Filter>
    </ClCompile>
    <ClCompile Include="..\RedEdrShared\logging.cpp">
      <Filter>Source Files</Filter>
    </ClCompile>
    <ClCompile Include="..\RedEdrShared\piping.cpp">
      <Filter>Source Files</Filter>
    </ClCompile>
    <ClCompile Include="webserver.cpp">
      <Filter>Source Files</Filter>
    </ClCompile>
    <ClCompile Include="etwreader.cpp">
      <Filter>Source Files\input</Filter>
    </ClCompile>
    <ClCompile Include="dllreader.cpp">
      <Filter>Source Files\input</Filter>
    </ClCompile>
    <ClCompile Include="kernelreader.cpp">
      <Filter>Source Files\input</Filter>
    </ClCompile>
    <ClCompile Include="kernelinterface.cpp">
      <Filter>Source Files\input</Filter>
    </ClCompile>
    <ClCompile Include="pplmanager.cpp">
      <Filter>Source Files\input</Filter>
    </ClCompile>
    <ClCompile Include="pplreader.cpp">
      <Filter>Source Files\input</Filter>
    </ClCompile>
    <ClCompile Include="..\RedEdrShared\utils.cpp">
      <Filter>Source Files</Filter>
    </ClCompile>
    <ClCompile Include="logreader.cpp">
      <Filter>Source Files\input</Filter>
    </ClCompile>
    <ClCompile Include="manager.cpp">
      <Filter>Source Files</Filter>
    </ClCompile>
    <ClCompile Include="processinfo.cpp">
      <Filter>Source Files\windows</Filter>
    </ClCompile>
    <ClCompile Include="..\RedEdrShared\loguru.cpp">
      <Filter>Source Files\libs</Filter>
    </ClCompile>
    <ClCompile Include="dllinjector.cpp">
      <Filter>Source Files\windows</Filter>
    </ClCompile>
    <ClCompile Include="event_aggregator.cpp">
      <Filter>Source Files\process</Filter>
    </ClCompile>
    <ClCompile Include="event_processor.cpp">
      <Filter>Source Files\process</Filter>
    </ClCompile>
    <ClCompile Include="event_augmenter.cpp">
      <Filter>Source Files\process</Filter>
    </ClCompile>
    <ClCompile Include="event_detector.cpp">
      <Filter>Source Files\process</Filter>
    </ClCompile>
    <ClCompile Include="process_resolver.cpp">
      <Filter>Source Files\windows</Filter>
    </ClCompile>
    <ClCompile Include="process.cpp">
      <Filter>Source Files\windows</Filter>
    </ClCompile>
    <ClCompile Include="process_query.cpp">
      <Filter>Source Files\windows</Filter>
    </ClCompile>
    <ClCompile Include="mem_static.cpp">
      <Filter>Source Files\windows</Filter>
    </ClCompile>
    <ClCompile Include="mem_dynamic.cpp">
      <Filter>Source Files\windows</Filter>
    </ClCompile>
  </ItemGroup>
  <ItemGroup>
    <ClInclude Include="config.h">
      <Filter>Header Files</Filter>
    </ClInclude>
    <ClInclude Include="mypeb.h">
      <Filter>Header Files</Filter>
    </ClInclude>
    <ClInclude Include="serviceutils.h">
      <Filter>Header Files</Filter>
    </ClInclude>
    <ClInclude Include="..\RedEdrShared\logging.h">
      <Filter>Header Files</Filter>
    </ClInclude>
    <ClInclude Include="webserver.h">
      <Filter>Header Files</Filter>
    </ClInclude>
    <ClInclude Include="manager.h">
      <Filter>Header Files</Filter>
    </ClInclude>
    <ClInclude Include="dllreader.h">
      <Filter>Header Files\input</Filter>
    </ClInclude>
    <ClInclude Include="etwreader.h">
      <Filter>Header Files\input</Filter>
    </ClInclude>
    <ClInclude Include="kernelinterface.h">
      <Filter>Header Files\input</Filter>
    </ClInclude>
    <ClInclude Include="kernelreader.h">
      <Filter>Header Files\input</Filter>
    </ClInclude>
    <ClInclude Include="logreader.h">
      <Filter>Header Files\input</Filter>
    </ClInclude>
    <ClInclude Include="pplreader.h">
      <Filter>Header Files\input</Filter>
    </ClInclude>
    <ClInclude Include="pplmanager.h">
      <Filter>Header Files\input</Filter>
    </ClInclude>
    <ClInclude Include="cxxops.hpp">
      <Filter>Header Files\libs</Filter>
    </ClInclude>
    <ClInclude Include="httplib.h">
      <Filter>Header Files\libs</Filter>
    </ClInclude>
    <ClInclude Include="json.hpp">
      <Filter>Header Files\libs</Filter>
    </ClInclude>
    <ClInclude Include="..\RedEdrShared\loguru.hpp">
      <Filter>Header Files\libs</Filter>
    </ClInclude>
    <ClInclude Include="dllinjector.h">
      <Filter>Header Files\windows</Filter>
    </ClInclude>
    <ClInclude Include="event_aggregator.h">
      <Filter>Header Files\process</Filter>
    </ClInclude>
    <ClInclude Include="event_augmenter.h">
      <Filter>Header Files\process</Filter>
    </ClInclude>
    <ClInclude Include="event_detector.h">
      <Filter>Header Files\process</Filter>
    </ClInclude>
    <ClInclude Include="event_processor.h">
      <Filter>Header Files\process</Filter>
    </ClInclude>
    <ClInclude Include="jsonw.hpp">
      <Filter>Header Files</Filter>
    </ClInclude>
    <ClInclude Include="process_resolver.h">
      <Filter>Header Files\windows</Filter>
    </ClInclude>
    <ClInclude Include="process.h">
      <Filter>Header Files\windows</Filter>
    </ClInclude>
    <ClInclude Include="process_query.h">
      <Filter>Header Files\windows</Filter>
    </ClInclude>
    <ClInclude Include="mem_static.h">
      <Filter>Header Files\windows</Filter>
    </ClInclude>
    <ClInclude Include="mem_dynamic.h">
      <Filter>Header Files\windows</Filter>
    </ClInclude>
  </ItemGroup>
  <ItemGroup>
    <Text Include="index.html">
      <Filter>Source Files\web</Filter>
    </Text>
  </ItemGroup>
  <ItemGroup>
    <None Include="design.css">
      <Filter>Source Files\web</Filter>
    </None>
    <None Include="recording.html">
      <Filter>Source Files\web</Filter>
    </None>
    <None Include="shared.js">
      <Filter>Source Files\web</Filter>
    </None>
    <None Include="packages.config" />
  </ItemGroup>
</Project>