<?xml version="1.0" encoding="utf-8"?>
<Project ToolsVersion="4.0" xmlns="http://schemas.microsoft.com/developer/msbuild/2003">
  <ItemGroup>
    <Filter Include="Source Files">
      <UniqueIdentifier>{4FC737F1-C7A5-4376-A066-2A32D752A2FF}</UniqueIdentifier>
      <Extensions>cpp;c;cc;cxx;c++;cppm;ixx;def;odl;idl;hpj;bat;asm;asmx</Extensions>
    </Filter>
    <Filter Include="Header Files">
      <UniqueIdentifier>{93995380-89BD-4b04-88EB-625FBE52EBFB}</UniqueIdentifier>
      <Extensions>h;hh;hpp;hxx;h++;hm;inl;inc;ipp;xsd</Extensions>
    </Filter>
    <Filter Include="Resource Files">
      <UniqueIdentifier>{67DA6AB6-F800-4c08-8B7A-83BB121AAD01}</UniqueIdentifier>
      <Extensions>rc;ico;cur;bmp;dlg;rc2;rct;bin;rgs;gif;jpg;jpeg;jpe;resx;tiff;tif;png;wav;mfcribbon-ms</Extensions>
    </Filter>
    <Filter Include="Source Files\existing">
      <UniqueIdentifier>{a6377b27-05de-4441-ad98-36e1bf5ed873}</UniqueIdentifier>
    </Filter>
  </ItemGroup>
  <ItemGroup>
    <ClCompile Include="RedEdrTester.cpp">
      <Filter>Source Files</Filter>
    </ClCompile>
    <ClCompile Include="..\RedEdrShared\loguru.cpp">
      <Filter>Source Files\existing</Filter>
    </ClCompile>
    <ClCompile Include="..\RedEdr\event_processor.cpp">
      <Filter>Source Files\existing</Filter>
    </ClCompile>
    <ClCompile Include="..\RedEdr\kernelinterface.cpp">
      <Filter>Source Files\existing</Filter>
    </ClCompile>
    <ClCompile Include="..\RedEdr\mem_static.cpp">
      <Filter>Source Files\existing</Filter>
    </ClCompile>
    <ClCompile Include="..\RedEdr\process_resolver.cpp">
      <Filter>Source Files\existing</Filter>
    </ClCompile>
    <ClCompile Include="..\RedEdrShared\logging.cpp">
      <Filter>Source Files\existing</Filter>
    </ClCompile>
    <ClCompile Include="..\RedEdr\event_aggregator.cpp">
      <Filter>Source Files\existing</Filter>
    </ClCompile>
    <ClCompile Include="..\RedEdr\config.cpp">
      <Filter>Source Files</Filter>
    </ClCompile>
    <ClCompile Include="..\RedEdr\dllinjector.cpp">
      <Filter>Source Files\existing</Filter>
    </ClCompile>
    <ClCompile Include="..\RedEdr\event_augmenter.cpp">
      <Filter>Source Files\existing</Filter>
    </ClCompile>
    <ClCompile Include="..\RedEdr\event_detector.cpp">
      <Filter>Source Files\existing</Filter>
    </ClCompile>
    <ClCompile Include="..\RedEdr\mem_dynamic.cpp">
      <Filter>Source Files\existing</Filter>
    </ClCompile>
    <ClCompile Include="..\RedEdr\process.cpp">
      <Filter>Source Files\existing</Filter>
    </ClCompile>
    <ClCompile Include="..\RedEdrShared\utils.cpp">
      <Filter>Source Files\existing</Filter>
    </ClCompile>
    <ClCompile Include="..\RedEdrShared\piping.cpp">
      <Filter>Source Files\existing</Filter>
    </ClCompile>
    <ClCompile Include="..\RedEdr\serviceutils.cpp">
      <Filter>Source Files\existing</Filter>
    </ClCompile>
    <ClCompile Include="..\RedEdrShared\process_query.cpp">
      <Filter>Source Files\existing</Filter>
    </ClCompile>
  </ItemGroup>
  <ItemGroup>
    <None Include="packages.config" />
  </ItemGroup>
</Project>